
Microsoft Visual Studio Solution File, Format Version 12.00
# Visual Studio Version 17
VisualStudioVersion = 17.9.34728.123
MinimumVisualStudioVersion = 10.0.40219.1
Project("{8BC9CEB8-8B4A-11D0-8D11-00A0C91BC942}") = "Project24_5_24", "Project24_5_24\Project24_5_24.vcxproj", "{39EEDB3A-68F1-44AE-BA78-FA40B1347A2F}"
EndProject
Global
	GlobalSection(SolutionConfigurationPlatforms) = preSolution
		Debug|x64 = Debug|x64
		Debug|x86 = Debug|x86
		Release|x64 = Release|x64
		Release|x86 = Release|x86
	EndGlobalSection
	GlobalSection(ProjectConfigurationPlatforms) = postSolution
		{39EEDB3A-68F1-44AE-BA78-FA40B1347A2F}.Debug|x64.ActiveCfg = Debug|x64
		{39EEDB3A-68F1-44AE-BA78-FA40B1347A2F}.Debug|x64.Build.0 = Debug|x64
		{39EEDB3A-68F1-44AE-BA78-FA40B1347A2F}.Debug|x86.ActiveCfg = Debug|Win32
		{39EEDB3A-68F1-44AE-BA78-FA40B1347A2F}.Debug|x86.Build.0 = Debug|Win32
		{39EEDB3A-68F1-44AE-BA78-FA40B1347A2F}.Release|x64.ActiveCfg = Release|x64
		{39EEDB3A-68F1-44AE-BA78-FA40B1347A2F}.Release|x64.Build.0 = Release|x64
		{39EEDB3A-68F1-44AE-BA78-FA40B1347A2F}.Release|x86.ActiveCfg = Release|Win32
		{39EEDB3A-68F1-44AE-BA78-FA40B1347A2F}.Release|x86.Build.0 = Release|Win32
	EndGlobalSection
	GlobalSection(SolutionProperties) = preSolution
		HideSolutionNode = FALSE
	EndGlobalSection
	GlobalSection(ExtensibilityGlobals) = postSolution
		SolutionGuid = {964D5A0D-19E1-4F2F-BB07-7A117D5C8456}
	EndGlobalSection
EndGlobal
