
Microsoft Visual Studio Solution File, Format Version 12.00
# Visual Studio Version 17
VisualStudioVersion = 17.9.34728.123
MinimumVisualStudioVersion = 10.0.40219.1
Project("{8BC9CEB8-8B4A-11D0-8D11-00A0C91BC942}") = "Project2024_6_27", "Project2024_6_27\Project2024_6_27.vcxproj", "{CC886B2F-DE6E-4312-B558-DEC531159E14}"
EndProject
Global
	GlobalSection(SolutionConfigurationPlatforms) = preSolution
		Debug|x64 = Debug|x64
		Debug|x86 = Debug|x86
		Release|x64 = Release|x64
		Release|x86 = Release|x86
	EndGlobalSection
	GlobalSection(ProjectConfigurationPlatforms) = postSolution
		{CC886B2F-DE6E-4312-B558-DEC531159E14}.Debug|x64.ActiveCfg = Debug|x64
		{CC886B2F-DE6E-4312-B558-DEC531159E14}.Debug|x64.Build.0 = Debug|x64
		{CC886B2F-DE6E-4312-B558-DEC531159E14}.Debug|x86.ActiveCfg = Debug|Win32
		{CC886B2F-DE6E-4312-B558-DEC531159E14}.Debug|x86.Build.0 = Debug|Win32
		{CC886B2F-DE6E-4312-B558-DEC531159E14}.Release|x64.ActiveCfg = Release|x64
		{CC886B2F-DE6E-4312-B558-DEC531159E14}.Release|x64.Build.0 = Release|x64
		{CC886B2F-DE6E-4312-B558-DEC531159E14}.Release|x86.ActiveCfg = Release|Win32
		{CC886B2F-DE6E-4312-B558-DEC531159E14}.Release|x86.Build.0 = Release|Win32
	EndGlobalSection
	GlobalSection(SolutionProperties) = preSolution
		HideSolutionNode = FALSE
	EndGlobalSection
	GlobalSection(ExtensibilityGlobals) = postSolution
		SolutionGuid = {D95FC22C-A73C-4B79-9625-50AD78658AA9}
	EndGlobalSection
EndGlobal
